
Microsoft Visual Studio Solution File, Format Version 12.00
# Visual Studio Version 17
VisualStudioVersion = 17.3.32929.385
MinimumVisualStudioVersion = 10.0.40219.1
Project("{FAE04EC0-301F-11D3-BF4B-00C04F79EFBC}") = "Hava Durumu", "Hava Durumu\Hava Durumu.csproj", "{CA633717-245A-4BAD-9BE6-AA71995EFF8D}"
EndProject
Global
	GlobalSection(SolutionConfigurationPlatforms) = preSolution
		Debug|Any CPU = Debug|Any CPU
		Release|Any CPU = Release|Any CPU
	EndGlobalSection
	GlobalSection(ProjectConfigurationPlatforms) = postSolution
		{CA633717-245A-4BAD-9BE6-AA71995EFF8D}.Debug|Any CPU.ActiveCfg = Debug|Any CPU
		{CA633717-245A-4BAD-9BE6-AA71995EFF8D}.Debug|Any CPU.Build.0 = Debug|Any CPU
		{CA633717-245A-4BAD-9BE6-AA71995EFF8D}.Release|Any CPU.ActiveCfg = Release|Any CPU
		{CA633717-245A-4BAD-9BE6-AA71995EFF8D}.Release|Any CPU.Build.0 = Release|Any CPU
	EndGlobalSection
	GlobalSection(SolutionProperties) = preSolution
		HideSolutionNode = FALSE
	EndGlobalSection
	GlobalSection(ExtensibilityGlobals) = postSolution
		SolutionGuid = {7A159FB9-5B75-47BC-BBDE-CD3B91AC07FD}
	EndGlobalSection
EndGlobal
